// !$*UTF8*$!
{
	archiveVersion = 1;
	classes = {
	};
	objectVersion = 56;
	objects = {

/* Begin PBXBuildFile section */
		E51274952A3F553C009E5E9F /* PeopleListUI.swift in Sources */ = {isa = PBXBuildFile; fileRef = E51274942A3F553C009E5E9F /* PeopleListUI.swift */; };
		E51274992A3F5570009E5E9F /* PersonDetailsUI.swift in Sources */ = {isa = PBXBuildFile; fileRef = E51274982A3F5570009E5E9F /* PersonDetailsUI.swift */; };
		E512749B2A3F5636009E5E9F /* People.swift in Sources */ = {isa = PBXBuildFile; fileRef = E512749A2A3F5636009E5E9F /* People.swift */; };
		E51274A02A3F5876009E5E9F /* PeopleSearchViewModel.swift in Sources */ = {isa = PBXBuildFile; fileRef = E512749F2A3F5876009E5E9F /* PeopleSearchViewModel.swift */; };
		E51274A22A3F5ACA009E5E9F /* PersonDetailsViewModel.swift in Sources */ = {isa = PBXBuildFile; fileRef = E51274A12A3F5ACA009E5E9F /* PersonDetailsViewModel.swift */; };
		E51274A42A3F97A9009E5E9F /* FavoritesStorage.swift in Sources */ = {isa = PBXBuildFile; fileRef = E51274A32A3F97A9009E5E9F /* FavoritesStorage.swift */; };
		E51274A62A3F9E38009E5E9F /* ShowItemUI.swift in Sources */ = {isa = PBXBuildFile; fileRef = E51274A52A3F9E38009E5E9F /* ShowItemUI.swift */; };
		E51274A92A3FA1F5009E5E9F /* Shows+StringUtils.swift in Sources */ = {isa = PBXBuildFile; fileRef = E51274A82A3FA1F5009E5E9F /* Shows+StringUtils.swift */; };
		E51274AB2A3FA229009E5E9F /* Episodes+STringUtils.swift in Sources */ = {isa = PBXBuildFile; fileRef = E51274AA2A3FA229009E5E9F /* Episodes+STringUtils.swift */; };
		E51274B12A3FA969009E5E9F /* FavoriteComponent.swift in Sources */ = {isa = PBXBuildFile; fileRef = E51274B02A3FA969009E5E9F /* FavoriteComponent.swift */; };
		E51274B32A400558009E5E9F /* PersonItemUI.swift in Sources */ = {isa = PBXBuildFile; fileRef = E51274B22A400558009E5E9F /* PersonItemUI.swift */; };
		E521A9712A3EAF7B00AD9C50 /* ShowDetailsViewModel.swift in Sources */ = {isa = PBXBuildFile; fileRef = E521A9702A3EAF7B00AD9C50 /* ShowDetailsViewModel.swift */; };
		E521A9732A3EB48000AD9C50 /* Episodes.swift in Sources */ = {isa = PBXBuildFile; fileRef = E521A9722A3EB48000AD9C50 /* Episodes.swift */; };
		E521A9752A3EBA2A00AD9C50 /* Global.swift in Sources */ = {isa = PBXBuildFile; fileRef = E521A9742A3EBA2A00AD9C50 /* Global.swift */; };
		E521A9772A3EBE0F00AD9C50 /* Dashboard.swift in Sources */ = {isa = PBXBuildFile; fileRef = E521A9762A3EBE0F00AD9C50 /* Dashboard.swift */; };
		E521A9792A3EC07900AD9C50 /* ViewModel.swift in Sources */ = {isa = PBXBuildFile; fileRef = E521A9782A3EC07900AD9C50 /* ViewModel.swift */; };
		E521A97D2A3ED66200AD9C50 /* EpisodeDetailsUI.swift in Sources */ = {isa = PBXBuildFile; fileRef = E521A97C2A3ED66200AD9C50 /* EpisodeDetailsUI.swift */; };
		E56207C72A40D79700EE8A7F /* FavoritesListUI.swift in Sources */ = {isa = PBXBuildFile; fileRef = E56207C62A40D79700EE8A7F /* FavoritesListUI.swift */; };
		E56207CA2A40D81B00EE8A7F /* FavoritesListViewModel.swift in Sources */ = {isa = PBXBuildFile; fileRef = E56207C92A40D81B00EE8A7F /* FavoritesListViewModel.swift */; };
		E57615452A3E87CB00B46B0C /* Shows.swift in Sources */ = {isa = PBXBuildFile; fileRef = E57615442A3E87CB00B46B0C /* Shows.swift */; };
		E57615472A3E8B8A00B46B0C /* Common.swift in Sources */ = {isa = PBXBuildFile; fileRef = E57615462A3E8B8A00B46B0C /* Common.swift */; };
		E57615492A3E8D6500B46B0C /* ApiBaseService.swift in Sources */ = {isa = PBXBuildFile; fileRef = E57615482A3E8D6500B46B0C /* ApiBaseService.swift */; };
		E576154E2A3E932000B46B0C /* ShowListUI.swift in Sources */ = {isa = PBXBuildFile; fileRef = E576154D2A3E932000B46B0C /* ShowListUI.swift */; };
		E57615502A3E932F00B46B0C /* ShowListViewModel.swift in Sources */ = {isa = PBXBuildFile; fileRef = E576154F2A3E932F00B46B0C /* ShowListViewModel.swift */; };
		E57615522A3E960700B46B0C /* ApiService.swift in Sources */ = {isa = PBXBuildFile; fileRef = E57615512A3E960700B46B0C /* ApiService.swift */; };
		E576155A2A3EAE4D00B46B0C /* ShowDetailsUI.swift in Sources */ = {isa = PBXBuildFile; fileRef = E57615592A3EAE4D00B46B0C /* ShowDetailsUI.swift */; };
		E5CDE00D2A3E6D0B00B21D4C /* TvMazeApp.swift in Sources */ = {isa = PBXBuildFile; fileRef = E5CDE00C2A3E6D0B00B21D4C /* TvMazeApp.swift */; };
		E5CDE0112A3E6D0C00B21D4C /* Assets.xcassets in Resources */ = {isa = PBXBuildFile; fileRef = E5CDE0102A3E6D0C00B21D4C /* Assets.xcassets */; };
		E5CDE0142A3E6D0C00B21D4C /* Preview Assets.xcassets in Resources */ = {isa = PBXBuildFile; fileRef = E5CDE0132A3E6D0C00B21D4C /* Preview Assets.xcassets */; };
		E5CDE01E2A3E6D0C00B21D4C /* TvMazeTests.swift in Sources */ = {isa = PBXBuildFile; fileRef = E5CDE01D2A3E6D0C00B21D4C /* TvMazeTests.swift */; };
		E5CDE0282A3E6D0C00B21D4C /* TvMazeUITests.swift in Sources */ = {isa = PBXBuildFile; fileRef = E5CDE0272A3E6D0C00B21D4C /* TvMazeUITests.swift */; };
		E5CDE02A2A3E6D0C00B21D4C /* TvMazeUITestsLaunchTests.swift in Sources */ = {isa = PBXBuildFile; fileRef = E5CDE0292A3E6D0C00B21D4C /* TvMazeUITestsLaunchTests.swift */; };
		E5FFE8132A40956200A45C95 /* EpisodeItemUI.swift in Sources */ = {isa = PBXBuildFile; fileRef = E5FFE8122A40956200A45C95 /* EpisodeItemUI.swift */; };
/* End PBXBuildFile section */

/* Begin PBXContainerItemProxy section */
		E5CDE01A2A3E6D0C00B21D4C /* PBXContainerItemProxy */ = {
			isa = PBXContainerItemProxy;
			containerPortal = E5CDE0012A3E6D0B00B21D4C /* Project object */;
			proxyType = 1;
			remoteGlobalIDString = E5CDE0082A3E6D0B00B21D4C;
			remoteInfo = TvMaze;
		};
		E5CDE0242A3E6D0C00B21D4C /* PBXContainerItemProxy */ = {
			isa = PBXContainerItemProxy;
			containerPortal = E5CDE0012A3E6D0B00B21D4C /* Project object */;
			proxyType = 1;
			remoteGlobalIDString = E5CDE0082A3E6D0B00B21D4C;
			remoteInfo = TvMaze;
		};
/* End PBXContainerItemProxy section */

/* Begin PBXFileReference section */
		E51274942A3F553C009E5E9F /* PeopleListUI.swift */ = {isa = PBXFileReference; lastKnownFileType = sourcecode.swift; path = PeopleListUI.swift; sourceTree = "<group>"; };
		E51274982A3F5570009E5E9F /* PersonDetailsUI.swift */ = {isa = PBXFileReference; lastKnownFileType = sourcecode.swift; path = PersonDetailsUI.swift; sourceTree = "<group>"; };
		E512749A2A3F5636009E5E9F /* People.swift */ = {isa = PBXFileReference; lastKnownFileType = sourcecode.swift; path = People.swift; sourceTree = "<group>"; };
		E512749F2A3F5876009E5E9F /* PeopleSearchViewModel.swift */ = {isa = PBXFileReference; lastKnownFileType = sourcecode.swift; path = PeopleSearchViewModel.swift; sourceTree = "<group>"; };
		E51274A12A3F5ACA009E5E9F /* PersonDetailsViewModel.swift */ = {isa = PBXFileReference; lastKnownFileType = sourcecode.swift; path = PersonDetailsViewModel.swift; sourceTree = "<group>"; };
		E51274A32A3F97A9009E5E9F /* FavoritesStorage.swift */ = {isa = PBXFileReference; lastKnownFileType = sourcecode.swift; path = FavoritesStorage.swift; sourceTree = "<group>"; };
		E51274A52A3F9E38009E5E9F /* ShowItemUI.swift */ = {isa = PBXFileReference; lastKnownFileType = sourcecode.swift; path = ShowItemUI.swift; sourceTree = "<group>"; };
		E51274A82A3FA1F5009E5E9F /* Shows+StringUtils.swift */ = {isa = PBXFileReference; lastKnownFileType = sourcecode.swift; path = "Shows+StringUtils.swift"; sourceTree = "<group>"; };
		E51274AA2A3FA229009E5E9F /* Episodes+STringUtils.swift */ = {isa = PBXFileReference; lastKnownFileType = sourcecode.swift; path = "Episodes+STringUtils.swift"; sourceTree = "<group>"; };
		E51274B02A3FA969009E5E9F /* FavoriteComponent.swift */ = {isa = PBXFileReference; lastKnownFileType = sourcecode.swift; path = FavoriteComponent.swift; sourceTree = "<group>"; };
		E51274B22A400558009E5E9F /* PersonItemUI.swift */ = {isa = PBXFileReference; lastKnownFileType = sourcecode.swift; path = PersonItemUI.swift; sourceTree = "<group>"; };
		E521A9702A3EAF7B00AD9C50 /* ShowDetailsViewModel.swift */ = {isa = PBXFileReference; lastKnownFileType = sourcecode.swift; path = ShowDetailsViewModel.swift; sourceTree = "<group>"; };
		E521A9722A3EB48000AD9C50 /* Episodes.swift */ = {isa = PBXFileReference; lastKnownFileType = sourcecode.swift; path = Episodes.swift; sourceTree = "<group>"; };
		E521A9742A3EBA2A00AD9C50 /* Global.swift */ = {isa = PBXFileReference; lastKnownFileType = sourcecode.swift; path = Global.swift; sourceTree = "<group>"; };
		E521A9762A3EBE0F00AD9C50 /* Dashboard.swift */ = {isa = PBXFileReference; lastKnownFileType = sourcecode.swift; path = Dashboard.swift; sourceTree = "<group>"; };
		E521A9782A3EC07900AD9C50 /* ViewModel.swift */ = {isa = PBXFileReference; lastKnownFileType = sourcecode.swift; path = ViewModel.swift; sourceTree = "<group>"; };
		E521A97C2A3ED66200AD9C50 /* EpisodeDetailsUI.swift */ = {isa = PBXFileReference; lastKnownFileType = sourcecode.swift; path = EpisodeDetailsUI.swift; sourceTree = "<group>"; };
		E56207C62A40D79700EE8A7F /* FavoritesListUI.swift */ = {isa = PBXFileReference; lastKnownFileType = sourcecode.swift; path = FavoritesListUI.swift; sourceTree = "<group>"; };
		E56207C92A40D81B00EE8A7F /* FavoritesListViewModel.swift */ = {isa = PBXFileReference; lastKnownFileType = sourcecode.swift; path = FavoritesListViewModel.swift; sourceTree = "<group>"; };
		E57615442A3E87CB00B46B0C /* Shows.swift */ = {isa = PBXFileReference; lastKnownFileType = sourcecode.swift; path = Shows.swift; sourceTree = "<group>"; };
		E57615462A3E8B8A00B46B0C /* Common.swift */ = {isa = PBXFileReference; lastKnownFileType = sourcecode.swift; path = Common.swift; sourceTree = "<group>"; };
		E57615482A3E8D6500B46B0C /* ApiBaseService.swift */ = {isa = PBXFileReference; lastKnownFileType = sourcecode.swift; path = ApiBaseService.swift; sourceTree = "<group>"; };
		E576154D2A3E932000B46B0C /* ShowListUI.swift */ = {isa = PBXFileReference; lastKnownFileType = sourcecode.swift; path = ShowListUI.swift; sourceTree = "<group>"; };
		E576154F2A3E932F00B46B0C /* ShowListViewModel.swift */ = {isa = PBXFileReference; lastKnownFileType = sourcecode.swift; path = ShowListViewModel.swift; sourceTree = "<group>"; };
		E57615512A3E960700B46B0C /* ApiService.swift */ = {isa = PBXFileReference; lastKnownFileType = sourcecode.swift; path = ApiService.swift; sourceTree = "<group>"; };
		E57615592A3EAE4D00B46B0C /* ShowDetailsUI.swift */ = {isa = PBXFileReference; lastKnownFileType = sourcecode.swift; path = ShowDetailsUI.swift; sourceTree = "<group>"; };
		E5CDE0092A3E6D0B00B21D4C /* TvMaze.app */ = {isa = PBXFileReference; explicitFileType = wrapper.application; includeInIndex = 0; path = TvMaze.app; sourceTree = BUILT_PRODUCTS_DIR; };
		E5CDE00C2A3E6D0B00B21D4C /* TvMazeApp.swift */ = {isa = PBXFileReference; lastKnownFileType = sourcecode.swift; path = TvMazeApp.swift; sourceTree = "<group>"; };
		E5CDE0102A3E6D0C00B21D4C /* Assets.xcassets */ = {isa = PBXFileReference; lastKnownFileType = folder.assetcatalog; path = Assets.xcassets; sourceTree = "<group>"; };
		E5CDE0132A3E6D0C00B21D4C /* Preview Assets.xcassets */ = {isa = PBXFileReference; lastKnownFileType = folder.assetcatalog; path = "Preview Assets.xcassets"; sourceTree = "<group>"; };
		E5CDE0192A3E6D0C00B21D4C /* TvMazeTests.xctest */ = {isa = PBXFileReference; explicitFileType = wrapper.cfbundle; includeInIndex = 0; path = TvMazeTests.xctest; sourceTree = BUILT_PRODUCTS_DIR; };
		E5CDE01D2A3E6D0C00B21D4C /* TvMazeTests.swift */ = {isa = PBXFileReference; lastKnownFileType = sourcecode.swift; path = TvMazeTests.swift; sourceTree = "<group>"; };
		E5CDE0232A3E6D0C00B21D4C /* TvMazeUITests.xctest */ = {isa = PBXFileReference; explicitFileType = wrapper.cfbundle; includeInIndex = 0; path = TvMazeUITests.xctest; sourceTree = BUILT_PRODUCTS_DIR; };
		E5CDE0272A3E6D0C00B21D4C /* TvMazeUITests.swift */ = {isa = PBXFileReference; lastKnownFileType = sourcecode.swift; path = TvMazeUITests.swift; sourceTree = "<group>"; };
		E5CDE0292A3E6D0C00B21D4C /* TvMazeUITestsLaunchTests.swift */ = {isa = PBXFileReference; lastKnownFileType = sourcecode.swift; path = TvMazeUITestsLaunchTests.swift; sourceTree = "<group>"; };
		E5FFE8122A40956200A45C95 /* EpisodeItemUI.swift */ = {isa = PBXFileReference; lastKnownFileType = sourcecode.swift; path = EpisodeItemUI.swift; sourceTree = "<group>"; };
/* End PBXFileReference section */

/* Begin PBXFrameworksBuildPhase section */
		E5CDE0062A3E6D0B00B21D4C /* Frameworks */ = {
			isa = PBXFrameworksBuildPhase;
			buildActionMask = 2147483647;
			files = (
			);
			runOnlyForDeploymentPostprocessing = 0;
		};
		E5CDE0162A3E6D0C00B21D4C /* Frameworks */ = {
			isa = PBXFrameworksBuildPhase;
			buildActionMask = 2147483647;
			files = (
			);
			runOnlyForDeploymentPostprocessing = 0;
		};
		E5CDE0202A3E6D0C00B21D4C /* Frameworks */ = {
			isa = PBXFrameworksBuildPhase;
			buildActionMask = 2147483647;
			files = (
			);
			runOnlyForDeploymentPostprocessing = 0;
		};
/* End PBXFrameworksBuildPhase section */

/* Begin PBXGroup section */
		E51274932A3F5472009E5E9F /* People */ = {
			isa = PBXGroup;
			children = (
				E51274972A3F5554009E5E9F /* Person Details */,
				E51274962A3F5547009E5E9F /* People Search */,
			);
			path = People;
			sourceTree = "<group>";
		};
		E51274962A3F5547009E5E9F /* People Search */ = {
			isa = PBXGroup;
			children = (
				E51274942A3F553C009E5E9F /* PeopleListUI.swift */,
				E51274B22A400558009E5E9F /* PersonItemUI.swift */,
			);
			path = "People Search";
			sourceTree = "<group>";
		};
		E51274972A3F5554009E5E9F /* Person Details */ = {
			isa = PBXGroup;
			children = (
				E51274982A3F5570009E5E9F /* PersonDetailsUI.swift */,
			);
			path = "Person Details";
			sourceTree = "<group>";
		};
		E512749C2A3F5841009E5E9F /* People */ = {
			isa = PBXGroup;
			children = (
				E512749E2A3F5859009E5E9F /* Person Details */,
				E512749D2A3F584D009E5E9F /* People Search */,
			);
			path = People;
			sourceTree = "<group>";
		};
		E512749D2A3F584D009E5E9F /* People Search */ = {
			isa = PBXGroup;
			children = (
				E512749F2A3F5876009E5E9F /* PeopleSearchViewModel.swift */,
			);
			path = "People Search";
			sourceTree = "<group>";
		};
		E512749E2A3F5859009E5E9F /* Person Details */ = {
			isa = PBXGroup;
			children = (
				E51274A12A3F5ACA009E5E9F /* PersonDetailsViewModel.swift */,
			);
			path = "Person Details";
			sourceTree = "<group>";
		};
		E51274A72A3FA037009E5E9F /* Extensions */ = {
			isa = PBXGroup;
			children = (
				E51274A82A3FA1F5009E5E9F /* Shows+StringUtils.swift */,
				E51274AA2A3FA229009E5E9F /* Episodes+STringUtils.swift */,
			);
			path = Extensions;
			sourceTree = "<group>";
		};
		E51274AF2A3FA950009E5E9F /* Components */ = {
			isa = PBXGroup;
			children = (
				E51274B02A3FA969009E5E9F /* FavoriteComponent.swift */,
			);
			path = Components;
			sourceTree = "<group>";
		};
		E521A96F2A3EAF5900AD9C50 /* Show Details */ = {
			isa = PBXGroup;
			children = (
				E521A9702A3EAF7B00AD9C50 /* ShowDetailsViewModel.swift */,
			);
			path = "Show Details";
			sourceTree = "<group>";
		};
		E521A97A2A3ED60800AD9C50 /* Episode Details */ = {
			isa = PBXGroup;
			children = (
				E521A97C2A3ED66200AD9C50 /* EpisodeDetailsUI.swift */,
			);
			path = "Episode Details";
			sourceTree = "<group>";
		};
		E56207C52A40D77C00EE8A7F /* Favorites */ = {
			isa = PBXGroup;
			children = (
				E56207C62A40D79700EE8A7F /* FavoritesListUI.swift */,
			);
			path = Favorites;
			sourceTree = "<group>";
		};
		E56207C82A40D80900EE8A7F /* Favorites */ = {
			isa = PBXGroup;
			children = (
				E56207C92A40D81B00EE8A7F /* FavoritesListViewModel.swift */,
			);
			path = Favorites;
			sourceTree = "<group>";
		};
		E57615432A3E87A700B46B0C /* Models */ = {
			isa = PBXGroup;
			children = (
				E57615442A3E87CB00B46B0C /* Shows.swift */,
				E57615462A3E8B8A00B46B0C /* Common.swift */,
				E521A9722A3EB48000AD9C50 /* Episodes.swift */,
				E512749A2A3F5636009E5E9F /* People.swift */,
			);
			path = Models;
			sourceTree = "<group>";
		};
		E576154B2A3E92B100B46B0C /* Shows */ = {
			isa = PBXGroup;
			children = (
				E576154C2A3E92FA00B46B0C /* Shows List */,
				E57615582A3EACDD00B46B0C /* Show Details */,
			);
			path = Shows;
			sourceTree = "<group>";
		};
		E576154C2A3E92FA00B46B0C /* Shows List */ = {
			isa = PBXGroup;
			children = (
				E576154D2A3E932000B46B0C /* ShowListUI.swift */,
				E51274A52A3F9E38009E5E9F /* ShowItemUI.swift */,
			);
			path = "Shows List";
			sourceTree = "<group>";
		};
		E57615532A3EAB8300B46B0C /* View Models */ = {
			isa = PBXGroup;
			children = (
				E57615552A3EABBE00B46B0C /* Shows */,
				E56207C82A40D80900EE8A7F /* Favorites */,
				E512749C2A3F5841009E5E9F /* People */,
				E521A9782A3EC07900AD9C50 /* ViewModel.swift */,
			);
			path = "View Models";
			sourceTree = "<group>";
		};
		E57615542A3EAB9300B46B0C /* Views */ = {
			isa = PBXGroup;
			children = (
				E576154B2A3E92B100B46B0C /* Shows */,
				E5FFE8102A40952700A45C95 /* Episodes */,
				E51274932A3F5472009E5E9F /* People */,
				E51274AF2A3FA950009E5E9F /* Components */,
				E56207C52A40D77C00EE8A7F /* Favorites */,
				E521A9762A3EBE0F00AD9C50 /* Dashboard.swift */,
			);
			path = Views;
			sourceTree = "<group>";
		};
		E57615552A3EABBE00B46B0C /* Shows */ = {
			isa = PBXGroup;
			children = (
				E57615562A3EABCA00B46B0C /* Shows List */,
				E521A96F2A3EAF5900AD9C50 /* Show Details */,
			);
			path = Shows;
			sourceTree = "<group>";
		};
		E57615562A3EABCA00B46B0C /* Shows List */ = {
			isa = PBXGroup;
			children = (
				E576154F2A3E932F00B46B0C /* ShowListViewModel.swift */,
			);
			path = "Shows List";
			sourceTree = "<group>";
		};
		E57615572A3EAC0E00B46B0C /* Lifecycle */ = {
			isa = PBXGroup;
			children = (
				E5CDE00C2A3E6D0B00B21D4C /* TvMazeApp.swift */,
				E521A9742A3EBA2A00AD9C50 /* Global.swift */,
			);
			path = Lifecycle;
			sourceTree = "<group>";
		};
		E57615582A3EACDD00B46B0C /* Show Details */ = {
			isa = PBXGroup;
			children = (
				E57615592A3EAE4D00B46B0C /* ShowDetailsUI.swift */,
			);
			path = "Show Details";
			sourceTree = "<group>";
		};
		E5CDE0002A3E6D0B00B21D4C = {
			isa = PBXGroup;
			children = (
				E5CDE00B2A3E6D0B00B21D4C /* TvMaze */,
				E5CDE01C2A3E6D0C00B21D4C /* TvMazeTests */,
				E5CDE0262A3E6D0C00B21D4C /* TvMazeUITests */,
				E5CDE00A2A3E6D0B00B21D4C /* Products */,
			);
			sourceTree = "<group>";
		};
		E5CDE00A2A3E6D0B00B21D4C /* Products */ = {
			isa = PBXGroup;
			children = (
				E5CDE0092A3E6D0B00B21D4C /* TvMaze.app */,
				E5CDE0192A3E6D0C00B21D4C /* TvMazeTests.xctest */,
				E5CDE0232A3E6D0C00B21D4C /* TvMazeUITests.xctest */,
			);
			name = Products;
			sourceTree = "<group>";
		};
		E5CDE00B2A3E6D0B00B21D4C /* TvMaze */ = {
			isa = PBXGroup;
			children = (
				E51274A72A3FA037009E5E9F /* Extensions */,
				E57615572A3EAC0E00B46B0C /* Lifecycle */,
				E57615432A3E87A700B46B0C /* Models */,
				E57615532A3EAB8300B46B0C /* View Models */,
				E57615542A3EAB9300B46B0C /* Views */,
				E5CDE0362A3E6DFA00B21D4C /* Service */,
				E5CDE0102A3E6D0C00B21D4C /* Assets.xcassets */,
				E5CDE0122A3E6D0C00B21D4C /* Preview Content */,
			);
			path = TvMaze;
			sourceTree = "<group>";
		};
		E5CDE0122A3E6D0C00B21D4C /* Preview Content */ = {
			isa = PBXGroup;
			children = (
				E5CDE0132A3E6D0C00B21D4C /* Preview Assets.xcassets */,
			);
			path = "Preview Content";
			sourceTree = "<group>";
		};
		E5CDE01C2A3E6D0C00B21D4C /* TvMazeTests */ = {
			isa = PBXGroup;
			children = (
				E5CDE01D2A3E6D0C00B21D4C /* TvMazeTests.swift */,
			);
			path = TvMazeTests;
			sourceTree = "<group>";
		};
		E5CDE0262A3E6D0C00B21D4C /* TvMazeUITests */ = {
			isa = PBXGroup;
			children = (
				E5CDE0272A3E6D0C00B21D4C /* TvMazeUITests.swift */,
				E5CDE0292A3E6D0C00B21D4C /* TvMazeUITestsLaunchTests.swift */,
			);
			path = TvMazeUITests;
			sourceTree = "<group>";
		};
		E5CDE0362A3E6DFA00B21D4C /* Service */ = {
			isa = PBXGroup;
			children = (
				E57615482A3E8D6500B46B0C /* ApiBaseService.swift */,
				E57615512A3E960700B46B0C /* ApiService.swift */,
				E51274A32A3F97A9009E5E9F /* FavoritesStorage.swift */,
			);
			path = Service;
			sourceTree = "<group>";
		};
		E5FFE8102A40952700A45C95 /* Episodes */ = {
			isa = PBXGroup;
			children = (
				E5FFE8112A40954C00A45C95 /* Episodes List */,
				E521A97A2A3ED60800AD9C50 /* Episode Details */,
			);
			path = Episodes;
			sourceTree = "<group>";
		};
		E5FFE8112A40954C00A45C95 /* Episodes List */ = {
			isa = PBXGroup;
			children = (
				E5FFE8122A40956200A45C95 /* EpisodeItemUI.swift */,
			);
			path = "Episodes List";
			sourceTree = "<group>";
		};
/* End PBXGroup section */

/* Begin PBXNativeTarget section */
		E5CDE0082A3E6D0B00B21D4C /* TvMaze */ = {
			isa = PBXNativeTarget;
			buildConfigurationList = E5CDE02D2A3E6D0C00B21D4C /* Build configuration list for PBXNativeTarget "TvMaze" */;
			buildPhases = (
				E5CDE0052A3E6D0B00B21D4C /* Sources */,
				E5CDE0062A3E6D0B00B21D4C /* Frameworks */,
				E5CDE0072A3E6D0B00B21D4C /* Resources */,
			);
			buildRules = (
			);
			dependencies = (
			);
			name = TvMaze;
			packageProductDependencies = (
			);
			productName = TvMaze;
			productReference = E5CDE0092A3E6D0B00B21D4C /* TvMaze.app */;
			productType = "com.apple.product-type.application";
		};
		E5CDE0182A3E6D0C00B21D4C /* TvMazeTests */ = {
			isa = PBXNativeTarget;
			buildConfigurationList = E5CDE0302A3E6D0C00B21D4C /* Build configuration list for PBXNativeTarget "TvMazeTests" */;
			buildPhases = (
				E5CDE0152A3E6D0C00B21D4C /* Sources */,
				E5CDE0162A3E6D0C00B21D4C /* Frameworks */,
				E5CDE0172A3E6D0C00B21D4C /* Resources */,
			);
			buildRules = (
			);
			dependencies = (
				E5CDE01B2A3E6D0C00B21D4C /* PBXTargetDependency */,
			);
			name = TvMazeTests;
			productName = TvMazeTests;
			productReference = E5CDE0192A3E6D0C00B21D4C /* TvMazeTests.xctest */;
			productType = "com.apple.product-type.bundle.unit-test";
		};
		E5CDE0222A3E6D0C00B21D4C /* TvMazeUITests */ = {
			isa = PBXNativeTarget;
			buildConfigurationList = E5CDE0332A3E6D0C00B21D4C /* Build configuration list for PBXNativeTarget "TvMazeUITests" */;
			buildPhases = (
				E5CDE01F2A3E6D0C00B21D4C /* Sources */,
				E5CDE0202A3E6D0C00B21D4C /* Frameworks */,
				E5CDE0212A3E6D0C00B21D4C /* Resources */,
			);
			buildRules = (
			);
			dependencies = (
				E5CDE0252A3E6D0C00B21D4C /* PBXTargetDependency */,
			);
			name = TvMazeUITests;
			productName = TvMazeUITests;
			productReference = E5CDE0232A3E6D0C00B21D4C /* TvMazeUITests.xctest */;
			productType = "com.apple.product-type.bundle.ui-testing";
		};
/* End PBXNativeTarget section */

/* Begin PBXProject section */
		E5CDE0012A3E6D0B00B21D4C /* Project object */ = {
			isa = PBXProject;
			attributes = {
				BuildIndependentTargetsInParallel = 1;
				LastSwiftUpdateCheck = 1430;
				LastUpgradeCheck = 1430;
				TargetAttributes = {
					E5CDE0082A3E6D0B00B21D4C = {
						CreatedOnToolsVersion = 14.3.1;
					};
					E5CDE0182A3E6D0C00B21D4C = {
						CreatedOnToolsVersion = 14.3.1;
						TestTargetID = E5CDE0082A3E6D0B00B21D4C;
					};
					E5CDE0222A3E6D0C00B21D4C = {
						CreatedOnToolsVersion = 14.3.1;
						TestTargetID = E5CDE0082A3E6D0B00B21D4C;
					};
				};
			};
			buildConfigurationList = E5CDE0042A3E6D0B00B21D4C /* Build configuration list for PBXProject "TvMaze" */;
			compatibilityVersion = "Xcode 14.0";
			developmentRegion = en;
			hasScannedForEncodings = 0;
			knownRegions = (
				en,
				Base,
			);
			mainGroup = E5CDE0002A3E6D0B00B21D4C;
			packageReferences = (
			);
			productRefGroup = E5CDE00A2A3E6D0B00B21D4C /* Products */;
			projectDirPath = "";
			projectRoot = "";
			targets = (
				E5CDE0082A3E6D0B00B21D4C /* TvMaze */,
				E5CDE0182A3E6D0C00B21D4C /* TvMazeTests */,
				E5CDE0222A3E6D0C00B21D4C /* TvMazeUITests */,
			);
		};
/* End PBXProject section */

/* Begin PBXResourcesBuildPhase section */
		E5CDE0072A3E6D0B00B21D4C /* Resources */ = {
			isa = PBXResourcesBuildPhase;
			buildActionMask = 2147483647;
			files = (
				E5CDE0142A3E6D0C00B21D4C /* Preview Assets.xcassets in Resources */,
				E5CDE0112A3E6D0C00B21D4C /* Assets.xcassets in Resources */,
			);
			runOnlyForDeploymentPostprocessing = 0;
		};
		E5CDE0172A3E6D0C00B21D4C /* Resources */ = {
			isa = PBXResourcesBuildPhase;
			buildActionMask = 2147483647;
			files = (
			);
			runOnlyForDeploymentPostprocessing = 0;
		};
		E5CDE0212A3E6D0C00B21D4C /* Resources */ = {
			isa = PBXResourcesBuildPhase;
			buildActionMask = 2147483647;
			files = (
			);
			runOnlyForDeploymentPostprocessing = 0;
		};
/* End PBXResourcesBuildPhase section */

/* Begin PBXSourcesBuildPhase section */
		E5CDE0052A3E6D0B00B21D4C /* Sources */ = {
			isa = PBXSourcesBuildPhase;
			buildActionMask = 2147483647;
			files = (
				E5FFE8132A40956200A45C95 /* EpisodeItemUI.swift in Sources */,
				E576154E2A3E932000B46B0C /* ShowListUI.swift in Sources */,
				E51274952A3F553C009E5E9F /* PeopleListUI.swift in Sources */,
				E521A9732A3EB48000AD9C50 /* Episodes.swift in Sources */,
				E51274A62A3F9E38009E5E9F /* ShowItemUI.swift in Sources */,
				E521A97D2A3ED66200AD9C50 /* EpisodeDetailsUI.swift in Sources */,
				E57615492A3E8D6500B46B0C /* ApiBaseService.swift in Sources */,
				E57615502A3E932F00B46B0C /* ShowListViewModel.swift in Sources */,
				E576155A2A3EAE4D00B46B0C /* ShowDetailsUI.swift in Sources */,
				E51274A02A3F5876009E5E9F /* PeopleSearchViewModel.swift in Sources */,
				E56207CA2A40D81B00EE8A7F /* FavoritesListViewModel.swift in Sources */,
				E57615472A3E8B8A00B46B0C /* Common.swift in Sources */,
				E521A9792A3EC07900AD9C50 /* ViewModel.swift in Sources */,
				E51274992A3F5570009E5E9F /* PersonDetailsUI.swift in Sources */,
				E521A9752A3EBA2A00AD9C50 /* Global.swift in Sources */,
				E51274A92A3FA1F5009E5E9F /* Shows+StringUtils.swift in Sources */,
				E57615452A3E87CB00B46B0C /* Shows.swift in Sources */,
				E51274AB2A3FA229009E5E9F /* Episodes+STringUtils.swift in Sources */,
				E51274B32A400558009E5E9F /* PersonItemUI.swift in Sources */,
				E51274A42A3F97A9009E5E9F /* FavoritesStorage.swift in Sources */,
				E57615522A3E960700B46B0C /* ApiService.swift in Sources */,
				E5CDE00D2A3E6D0B00B21D4C /* TvMazeApp.swift in Sources */,
				E521A9772A3EBE0F00AD9C50 /* Dashboard.swift in Sources */,
				E521A9712A3EAF7B00AD9C50 /* ShowDetailsViewModel.swift in Sources */,
				E51274B12A3FA969009E5E9F /* FavoriteComponent.swift in Sources */,
				E512749B2A3F5636009E5E9F /* People.swift in Sources */,
				E56207C72A40D79700EE8A7F /* FavoritesListUI.swift in Sources */,
				E51274A22A3F5ACA009E5E9F /* PersonDetailsViewModel.swift in Sources */,
			);
			runOnlyForDeploymentPostprocessing = 0;
		};
		E5CDE0152A3E6D0C00B21D4C /* Sources */ = {
			isa = PBXSourcesBuildPhase;
			buildActionMask = 2147483647;
			files = (
				E5CDE01E2A3E6D0C00B21D4C /* TvMazeTests.swift in Sources */,
			);
			runOnlyForDeploymentPostprocessing = 0;
		};
		E5CDE01F2A3E6D0C00B21D4C /* Sources */ = {
			isa = PBXSourcesBuildPhase;
			buildActionMask = 2147483647;
			files = (
				E5CDE0282A3E6D0C00B21D4C /* TvMazeUITests.swift in Sources */,
				E5CDE02A2A3E6D0C00B21D4C /* TvMazeUITestsLaunchTests.swift in Sources */,
			);
			runOnlyForDeploymentPostprocessing = 0;
		};
/* End PBXSourcesBuildPhase section */

/* Begin PBXTargetDependency section */
		E5CDE01B2A3E6D0C00B21D4C /* PBXTargetDependency */ = {
			isa = PBXTargetDependency;
			target = E5CDE0082A3E6D0B00B21D4C /* TvMaze */;
			targetProxy = E5CDE01A2A3E6D0C00B21D4C /* PBXContainerItemProxy */;
		};
		E5CDE0252A3E6D0C00B21D4C /* PBXTargetDependency */ = {
			isa = PBXTargetDependency;
			target = E5CDE0082A3E6D0B00B21D4C /* TvMaze */;
			targetProxy = E5CDE0242A3E6D0C00B21D4C /* PBXContainerItemProxy */;
		};
/* End PBXTargetDependency section */

/* Begin XCBuildConfiguration section */
		E5CDE02B2A3E6D0C00B21D4C /* Debug */ = {
			isa = XCBuildConfiguration;
			buildSettings = {
				ALWAYS_SEARCH_USER_PATHS = NO;
				CLANG_ANALYZER_NONNULL = YES;
				CLANG_ANALYZER_NUMBER_OBJECT_CONVERSION = YES_AGGRESSIVE;
				CLANG_CXX_LANGUAGE_STANDARD = "gnu++20";
				CLANG_ENABLE_MODULES = YES;
				CLANG_ENABLE_OBJC_ARC = YES;
				CLANG_ENABLE_OBJC_WEAK = YES;
				CLANG_WARN_BLOCK_CAPTURE_AUTORELEASING = YES;
				CLANG_WARN_BOOL_CONVERSION = YES;
				CLANG_WARN_COMMA = YES;
				CLANG_WARN_CONSTANT_CONVERSION = YES;
				CLANG_WARN_DEPRECATED_OBJC_IMPLEMENTATIONS = YES;
				CLANG_WARN_DIRECT_OBJC_ISA_USAGE = YES_ERROR;
				CLANG_WARN_DOCUMENTATION_COMMENTS = YES;
				CLANG_WARN_EMPTY_BODY = YES;
				CLANG_WARN_ENUM_CONVERSION = YES;
				CLANG_WARN_INFINITE_RECURSION = YES;
				CLANG_WARN_INT_CONVERSION = YES;
				CLANG_WARN_NON_LITERAL_NULL_CONVERSION = YES;
				CLANG_WARN_OBJC_IMPLICIT_RETAIN_SELF = YES;
				CLANG_WARN_OBJC_LITERAL_CONVERSION = YES;
				CLANG_WARN_OBJC_ROOT_CLASS = YES_ERROR;
				CLANG_WARN_QUOTED_INCLUDE_IN_FRAMEWORK_HEADER = YES;
				CLANG_WARN_RANGE_LOOP_ANALYSIS = YES;
				CLANG_WARN_STRICT_PROTOTYPES = YES;
				CLANG_WARN_SUSPICIOUS_MOVE = YES;
				CLANG_WARN_UNGUARDED_AVAILABILITY = YES_AGGRESSIVE;
				CLANG_WARN_UNREACHABLE_CODE = YES;
				CLANG_WARN__DUPLICATE_METHOD_MATCH = YES;
				COPY_PHASE_STRIP = NO;
				DEBUG_INFORMATION_FORMAT = dwarf;
				ENABLE_STRICT_OBJC_MSGSEND = YES;
				ENABLE_TESTABILITY = YES;
				GCC_C_LANGUAGE_STANDARD = gnu11;
				GCC_DYNAMIC_NO_PIC = NO;
				GCC_NO_COMMON_BLOCKS = YES;
				GCC_OPTIMIZATION_LEVEL = 0;
				GCC_PREPROCESSOR_DEFINITIONS = (
					"DEBUG=1",
					"$(inherited)",
				);
				GCC_WARN_64_TO_32_BIT_CONVERSION = YES;
				GCC_WARN_ABOUT_RETURN_TYPE = YES_ERROR;
				GCC_WARN_UNDECLARED_SELECTOR = YES;
				GCC_WARN_UNINITIALIZED_AUTOS = YES_AGGRESSIVE;
				GCC_WARN_UNUSED_FUNCTION = YES;
				GCC_WARN_UNUSED_VARIABLE = YES;
				IPHONEOS_DEPLOYMENT_TARGET = 16.4;
				MTL_ENABLE_DEBUG_INFO = INCLUDE_SOURCE;
				MTL_FAST_MATH = YES;
				ONLY_ACTIVE_ARCH = YES;
				SDKROOT = iphoneos;
				SWIFT_ACTIVE_COMPILATION_CONDITIONS = DEBUG;
				SWIFT_OPTIMIZATION_LEVEL = "-Onone";
			};
			name = Debug;
		};
		E5CDE02C2A3E6D0C00B21D4C /* Release */ = {
			isa = XCBuildConfiguration;
			buildSettings = {
				ALWAYS_SEARCH_USER_PATHS = NO;
				CLANG_ANALYZER_NONNULL = YES;
				CLANG_ANALYZER_NUMBER_OBJECT_CONVERSION = YES_AGGRESSIVE;
				CLANG_CXX_LANGUAGE_STANDARD = "gnu++20";
				CLANG_ENABLE_MODULES = YES;
				CLANG_ENABLE_OBJC_ARC = YES;
				CLANG_ENABLE_OBJC_WEAK = YES;
				CLANG_WARN_BLOCK_CAPTURE_AUTORELEASING = YES;
				CLANG_WARN_BOOL_CONVERSION = YES;
				CLANG_WARN_COMMA = YES;
				CLANG_WARN_CONSTANT_CONVERSION = YES;
				CLANG_WARN_DEPRECATED_OBJC_IMPLEMENTATIONS = YES;
				CLANG_WARN_DIRECT_OBJC_ISA_USAGE = YES_ERROR;
				CLANG_WARN_DOCUMENTATION_COMMENTS = YES;
				CLANG_WARN_EMPTY_BODY = YES;
				CLANG_WARN_ENUM_CONVERSION = YES;
				CLANG_WARN_INFINITE_RECURSION = YES;
				CLANG_WARN_INT_CONVERSION = YES;
				CLANG_WARN_NON_LITERAL_NULL_CONVERSION = YES;
				CLANG_WARN_OBJC_IMPLICIT_RETAIN_SELF = YES;
				CLANG_WARN_OBJC_LITERAL_CONVERSION = YES;
				CLANG_WARN_OBJC_ROOT_CLASS = YES_ERROR;
				CLANG_WARN_QUOTED_INCLUDE_IN_FRAMEWORK_HEADER = YES;
				CLANG_WARN_RANGE_LOOP_ANALYSIS = YES;
				CLANG_WARN_STRICT_PROTOTYPES = YES;
				CLANG_WARN_SUSPICIOUS_MOVE = YES;
				CLANG_WARN_UNGUARDED_AVAILABILITY = YES_AGGRESSIVE;
				CLANG_WARN_UNREACHABLE_CODE = YES;
				CLANG_WARN__DUPLICATE_METHOD_MATCH = YES;
				COPY_PHASE_STRIP = NO;
				DEBUG_INFORMATION_FORMAT = "dwarf-with-dsym";
				ENABLE_NS_ASSERTIONS = NO;
				ENABLE_STRICT_OBJC_MSGSEND = YES;
				GCC_C_LANGUAGE_STANDARD = gnu11;
				GCC_NO_COMMON_BLOCKS = YES;
				GCC_WARN_64_TO_32_BIT_CONVERSION = YES;
				GCC_WARN_ABOUT_RETURN_TYPE = YES_ERROR;
				GCC_WARN_UNDECLARED_SELECTOR = YES;
				GCC_WARN_UNINITIALIZED_AUTOS = YES_AGGRESSIVE;
				GCC_WARN_UNUSED_FUNCTION = YES;
				GCC_WARN_UNUSED_VARIABLE = YES;
				IPHONEOS_DEPLOYMENT_TARGET = 16.4;
				MTL_ENABLE_DEBUG_INFO = NO;
				MTL_FAST_MATH = YES;
				SDKROOT = iphoneos;
				SWIFT_COMPILATION_MODE = wholemodule;
				SWIFT_OPTIMIZATION_LEVEL = "-O";
				VALIDATE_PRODUCT = YES;
			};
			name = Release;
		};
		E5CDE02E2A3E6D0C00B21D4C /* Debug */ = {
			isa = XCBuildConfiguration;
			buildSettings = {
				ASSETCATALOG_COMPILER_APPICON_NAME = AppIcon;
				ASSETCATALOG_COMPILER_GLOBAL_ACCENT_COLOR_NAME = AccentColor;
				CODE_SIGN_STYLE = Automatic;
				CURRENT_PROJECT_VERSION = 1;
				DEVELOPMENT_ASSET_PATHS = "\"TvMaze/Preview Content\"";
				DEVELOPMENT_TEAM = TLG5RDHUZ5;
				ENABLE_PREVIEWS = YES;
				GENERATE_INFOPLIST_FILE = YES;
				INFOPLIST_KEY_UIApplicationSceneManifest_Generation = YES;
				INFOPLIST_KEY_UIApplicationSupportsIndirectInputEvents = YES;
				INFOPLIST_KEY_UILaunchScreen_Generation = YES;
				INFOPLIST_KEY_UISupportedInterfaceOrientations_iPad = "UIInterfaceOrientationPortrait UIInterfaceOrientationPortraitUpsideDown UIInterfaceOrientationLandscapeLeft UIInterfaceOrientationLandscapeRight";
				INFOPLIST_KEY_UISupportedInterfaceOrientations_iPhone = "UIInterfaceOrientationPortrait UIInterfaceOrientationLandscapeLeft UIInterfaceOrientationLandscapeRight";
				LD_RUNPATH_SEARCH_PATHS = (
					"$(inherited)",
					"@executable_path/Frameworks",
				);
				MARKETING_VERSION = 1.0;
				PRODUCT_BUNDLE_IDENTIFIER = dev.idf.TvMaze;
				PRODUCT_NAME = "$(TARGET_NAME)";
				SWIFT_EMIT_LOC_STRINGS = YES;
				SWIFT_VERSION = 5.0;
				TARGETED_DEVICE_FAMILY = "1,2";
			};
			name = Debug;
		};
		E5CDE02F2A3E6D0C00B21D4C /* Release */ = {
			isa = XCBuildConfiguration;
			buildSettings = {
				ASSETCATALOG_COMPILER_APPICON_NAME = AppIcon;
				ASSETCATALOG_COMPILER_GLOBAL_ACCENT_COLOR_NAME = AccentColor;
				CODE_SIGN_STYLE = Automatic;
				CURRENT_PROJECT_VERSION = 1;
				DEVELOPMENT_ASSET_PATHS = "\"TvMaze/Preview Content\"";
				DEVELOPMENT_TEAM = TLG5RDHUZ5;
				ENABLE_PREVIEWS = YES;
				GENERATE_INFOPLIST_FILE = YES;
				INFOPLIST_KEY_UIApplicationSceneManifest_Generation = YES;
				INFOPLIST_KEY_UIApplicationSupportsIndirectInputEvents = YES;
				INFOPLIST_KEY_UILaunchScreen_Generation = YES;
				INFOPLIST_KEY_UISupportedInterfaceOrientations_iPad = "UIInterfaceOrientationPortrait UIInterfaceOrientationPortraitUpsideDown UIInterfaceOrientationLandscapeLeft UIInterfaceOrientationLandscapeRight";
				INFOPLIST_KEY_UISupportedInterfaceOrientations_iPhone = "UIInterfaceOrientationPortrait UIInterfaceOrientationLandscapeLeft UIInterfaceOrientationLandscapeRight";
				LD_RUNPATH_SEARCH_PATHS = (
					"$(inherited)",
					"@executable_path/Frameworks",
				);
				MARKETING_VERSION = 1.0;
				PRODUCT_BUNDLE_IDENTIFIER = dev.idf.TvMaze;
				PRODUCT_NAME = "$(TARGET_NAME)";
				SWIFT_EMIT_LOC_STRINGS = YES;
				SWIFT_VERSION = 5.0;
				TARGETED_DEVICE_FAMILY = "1,2";
			};
			name = Release;
		};
		E5CDE0312A3E6D0C00B21D4C /* Debug */ = {
			isa = XCBuildConfiguration;
			buildSettings = {
				ALWAYS_EMBED_SWIFT_STANDARD_LIBRARIES = YES;
				BUNDLE_LOADER = "$(TEST_HOST)";
				CODE_SIGN_STYLE = Automatic;
				CURRENT_PROJECT_VERSION = 1;
				DEVELOPMENT_TEAM = TLG5RDHUZ5;
				GENERATE_INFOPLIST_FILE = YES;
				IPHONEOS_DEPLOYMENT_TARGET = 16.4;
				MARKETING_VERSION = 1.0;
				PRODUCT_BUNDLE_IDENTIFIER = dev.idf.TvMazeTests;
				PRODUCT_NAME = "$(TARGET_NAME)";
				SWIFT_EMIT_LOC_STRINGS = NO;
				SWIFT_VERSION = 5.0;
				TARGETED_DEVICE_FAMILY = "1,2";
				TEST_HOST = "$(BUILT_PRODUCTS_DIR)/TvMaze.app/$(BUNDLE_EXECUTABLE_FOLDER_PATH)/TvMaze";
			};
			name = Debug;
		};
		E5CDE0322A3E6D0C00B21D4C /* Release */ = {
			isa = XCBuildConfiguration;
			buildSettings = {
				ALWAYS_EMBED_SWIFT_STANDARD_LIBRARIES = YES;
				BUNDLE_LOADER = "$(TEST_HOST)";
				CODE_SIGN_STYLE = Automatic;
				CURRENT_PROJECT_VERSION = 1;
				DEVELOPMENT_TEAM = TLG5RDHUZ5;
				GENERATE_INFOPLIST_FILE = YES;
				IPHONEOS_DEPLOYMENT_TARGET = 16.4;
				MARKETING_VERSION = 1.0;
				PRODUCT_BUNDLE_IDENTIFIER = dev.idf.TvMazeTests;
				PRODUCT_NAME = "$(TARGET_NAME)";
				SWIFT_EMIT_LOC_STRINGS = NO;
				SWIFT_VERSION = 5.0;
				TARGETED_DEVICE_FAMILY = "1,2";
				TEST_HOST = "$(BUILT_PRODUCTS_DIR)/TvMaze.app/$(BUNDLE_EXECUTABLE_FOLDER_PATH)/TvMaze";
			};
			name = Release;
		};
		E5CDE0342A3E6D0C00B21D4C /* Debug */ = {
			isa = XCBuildConfiguration;
			buildSettings = {
				ALWAYS_EMBED_SWIFT_STANDARD_LIBRARIES = YES;
				CODE_SIGN_STYLE = Automatic;
				CURRENT_PROJECT_VERSION = 1;
				DEVELOPMENT_TEAM = TLG5RDHUZ5;
				GENERATE_INFOPLIST_FILE = YES;
				MARKETING_VERSION = 1.0;
				PRODUCT_BUNDLE_IDENTIFIER = dev.idf.TvMazeUITests;
				PRODUCT_NAME = "$(TARGET_NAME)";
				SWIFT_EMIT_LOC_STRINGS = NO;
				SWIFT_VERSION = 5.0;
				TARGETED_DEVICE_FAMILY = "1,2";
				TEST_TARGET_NAME = TvMaze;
			};
			name = Debug;
		};
		E5CDE0352A3E6D0C00B21D4C /* Release */ = {
			isa = XCBuildConfiguration;
			buildSettings = {
				ALWAYS_EMBED_SWIFT_STANDARD_LIBRARIES = YES;
				CODE_SIGN_STYLE = Automatic;
				CURRENT_PROJECT_VERSION = 1;
				DEVELOPMENT_TEAM = TLG5RDHUZ5;
				GENERATE_INFOPLIST_FILE = YES;
				MARKETING_VERSION = 1.0;
				PRODUCT_BUNDLE_IDENTIFIER = dev.idf.TvMazeUITests;
				PRODUCT_NAME = "$(TARGET_NAME)";
				SWIFT_EMIT_LOC_STRINGS = NO;
				SWIFT_VERSION = 5.0;
				TARGETED_DEVICE_FAMILY = "1,2";
				TEST_TARGET_NAME = TvMaze;
			};
			name = Release;
		};
/* End XCBuildConfiguration section */

/* Begin XCConfigurationList section */
		E5CDE0042A3E6D0B00B21D4C /* Build configuration list for PBXProject "TvMaze" */ = {
			isa = XCConfigurationList;
			buildConfigurations = (
				E5CDE02B2A3E6D0C00B21D4C /* Debug */,
				E5CDE02C2A3E6D0C00B21D4C /* Release */,
			);
			defaultConfigurationIsVisible = 0;
			defaultConfigurationName = Release;
		};
		E5CDE02D2A3E6D0C00B21D4C /* Build configuration list for PBXNativeTarget "TvMaze" */ = {
			isa = XCConfigurationList;
			buildConfigurations = (
				E5CDE02E2A3E6D0C00B21D4C /* Debug */,
				E5CDE02F2A3E6D0C00B21D4C /* Release */,
			);
			defaultConfigurationIsVisible = 0;
			defaultConfigurationName = Release;
		};
		E5CDE0302A3E6D0C00B21D4C /* Build configuration list for PBXNativeTarget "TvMazeTests" */ = {
			isa = XCConfigurationList;
			buildConfigurations = (
				E5CDE0312A3E6D0C00B21D4C /* Debug */,
				E5CDE0322A3E6D0C00B21D4C /* Release */,
			);
			defaultConfigurationIsVisible = 0;
			defaultConfigurationName = Release;
		};
		E5CDE0332A3E6D0C00B21D4C /* Build configuration list for PBXNativeTarget "TvMazeUITests" */ = {
			isa = XCConfigurationList;
			buildConfigurations = (
				E5CDE0342A3E6D0C00B21D4C /* Debug */,
				E5CDE0352A3E6D0C00B21D4C /* Release */,
			);
			defaultConfigurationIsVisible = 0;
			defaultConfigurationName = Release;
		};
/* End XCConfigurationList section */
	};
	rootObject = E5CDE0012A3E6D0B00B21D4C /* Project object */;
}
